Microsoft Visual Studio Solution File, Format Version 12.00
# Visual Studio Version 17
VisualStudioVersion = 17.5.2.0
MinimumVisualStudioVersion = 10.0.40219.1
Project("{FAE04EC0-301F-11D3-BF4B-00C04F79EFBC}") = "DemoApp", "DemoApp\DemoApp.csproj", "{9ED4F47D-157C-2A60-1689-ADD58DB0890D}"
EndProject
Project("{FAE04EC0-301F-11D3-BF4B-00C04F79EFBC}") = "HelloApp", "HelloApp\HelloApp.csproj", "{2DE6F97E-3A6F-1720-C887-42E6DEFDB3CC}"
EndProject
Project("{2150E333-8FDC-42A3-9474-1A3956D46DE8}") = "Day24", "Day24", "{EF0725E4-3E48-C877-DE8A-D730D67D0672}"
EndProject
Project("{2150E333-8FDC-42A3-9474-1A3956D46DE8}") = "Day3", "Day3", "{0D665604-C928-4F15-2E39-29EE6604C658}"
EndProject
Project("{2150E333-8FDC-42A3-9474-1A3956D46DE8}") = "Day4", "Day4", "{730ACB65-522D-1730-7B0F-D5D33FCD9B23}"
EndProject
Project("{2150E333-8FDC-42A3-9474-1A3956D46DE8}") = "Reva-Day2", "Reva-Day2", "{45566560-036B-CAF0-3EE0-866EE501DE9F}"
EndProject
Project("{FAE04EC0-301F-11D3-BF4B-00C04F79EFBC}") = "ConsoleApp", "Day24\ConsoleApp\ConsoleApp.csproj", "{BBB53517-63E0-5FD9-CDDD-494004261393}"
EndProject
Project("{FAE04EC0-301F-11D3-BF4B-00C04F79EFBC}") = "ConsoleApp", "Day3\ConsoleApp\ConsoleApp.csproj", "{4C83C0A7-0852-97C9-A9BA-85F923750907}"
EndProject
Project("{FAE04EC0-301F-11D3-BF4B-00C04F79EFBC}") = "Utilities", "Day3\Utilities\Utilities.csproj", "{5EEE9276-0064-2694-87FC-CA55D4F58877}"
EndProject
Project("{FAE04EC0-301F-11D3-BF4B-00C04F79EFBC}") = "Polymorphism", "Day4\Polymorphism\Polymorphism.csproj", "{5CD88E65-2F17-A8CF-39B6-F62636D0DDA3}"
EndProject
Project("{2150E333-8FDC-42A3-9474-1A3956D46DE8}") = "FistProgram", "FistProgram", "{C8908297-CC4E-4F65-83CD-C2228E4EA04D}"
EndProject
Project("{FAE04EC0-301F-11D3-BF4B-00C04F79EFBC}") = "FirstProgram", "Reva-Day2\FistProgram\FirstProgram.csproj", "{ACDF63C4-8422-47B1-7790-C82AA5E5C451}"
EndProject
Project("{FAE04EC0-301F-11D3-BF4B-00C04F79EFBC}") = "FourthProgram", "Reva-Day2\FourthProgram\FourthProgram.csproj", "{8277D016-D440-5AFE-7AB3-A0908EAB7B4B}"
EndProject
Project("{FAE04EC0-301F-11D3-BF4B-00C04F79EFBC}") = "Loops", "Reva-Day2\Loops\Loops.csproj", "{A4630988-A97E-A992-E258-34801DD1DB1C}"
EndProject
Project("{FAE04EC0-301F-11D3-BF4B-00C04F79EFBC}") = "Namespaces", "Reva-Day2\Namespaces\Namespaces.csproj", "{DFCCAC8F-0F95-066A-4307-A3BED9003944}"
EndProject
Project("{FAE04EC0-301F-11D3-BF4B-00C04F79EFBC}") = "Operator", "Reva-Day2\Operator\Operator.csproj", "{EB03D336-89C7-6016-A4C6-6EA85E4EAF17}"
EndProject
Project("{FAE04EC0-301F-11D3-BF4B-00C04F79EFBC}") = "patternMatching", "Reva-Day2\patternMatching\patternMatching.csproj", "{F0E67681-010B-CC57-2216-DD5AE8ECDBBA}"
EndProject
Project("{FAE04EC0-301F-11D3-BF4B-00C04F79EFBC}") = "SecondProgram", "Reva-Day2\SecondProgram\SecondProgram.csproj", "{2806FD6A-F11B-F14B-82AA-60D9C031C9D6}"
EndProject
Project("{FAE04EC0-301F-11D3-BF4B-00C04F79EFBC}") = "ThirdProgram", "Reva-Day2\ThirdProgram\ThirdProgram.csproj", "{86286D3E-893F-CE8A-CDB3-A28E7B0A783C}"
EndProject
Global
	GlobalSection(SolutionConfigurationPlatforms) = preSolution
		Debug|Any CPU = Debug|Any CPU
		Release|Any CPU = Release|Any CPU
	EndGlobalSection
	GlobalSection(ProjectConfigurationPlatforms) = postSolution
		{9ED4F47D-157C-2A60-1689-ADD58DB0890D}.Debug|Any CPU.ActiveCfg = Debug|Any CPU
		{9ED4F47D-157C-2A60-1689-ADD58DB0890D}.Debug|Any CPU.Build.0 = Debug|Any CPU
		{9ED4F47D-157C-2A60-1689-ADD58DB0890D}.Release|Any CPU.ActiveCfg = Release|Any CPU
		{9ED4F47D-157C-2A60-1689-ADD58DB0890D}.Release|Any CPU.Build.0 = Release|Any CPU
		{2DE6F97E-3A6F-1720-C887-42E6DEFDB3CC}.Debug|Any CPU.ActiveCfg = Debug|Any CPU
		{2DE6F97E-3A6F-1720-C887-42E6DEFDB3CC}.Debug|Any CPU.Build.0 = Debug|Any CPU
		{2DE6F97E-3A6F-1720-C887-42E6DEFDB3CC}.Release|Any CPU.ActiveCfg = Release|Any CPU
		{2DE6F97E-3A6F-1720-C887-42E6DEFDB3CC}.Release|Any CPU.Build.0 = Release|Any CPU
		{BBB53517-63E0-5FD9-CDDD-494004261393}.Debug|Any CPU.ActiveCfg = Debug|Any CPU
		{BBB53517-63E0-5FD9-CDDD-494004261393}.Debug|Any CPU.Build.0 = Debug|Any CPU
		{BBB53517-63E0-5FD9-CDDD-494004261393}.Release|Any CPU.ActiveCfg = Release|Any CPU
		{BBB53517-63E0-5FD9-CDDD-494004261393}.Release|Any CPU.Build.0 = Release|Any CPU
		{4C83C0A7-0852-97C9-A9BA-85F923750907}.Debug|Any CPU.ActiveCfg = Debug|Any CPU
		{4C83C0A7-0852-97C9-A9BA-85F923750907}.Debug|Any CPU.Build.0 = Debug|Any CPU
		{4C83C0A7-0852-97C9-A9BA-85F923750907}.Release|Any CPU.ActiveCfg = Release|Any CPU
		{4C83C0A7-0852-97C9-A9BA-85F923750907}.Release|Any CPU.Build.0 = Release|Any CPU
		{5EEE9276-0064-2694-87FC-CA55D4F58877}.Debug|Any CPU.ActiveCfg = Debug|Any CPU
		{5EEE9276-0064-2694-87FC-CA55D4F58877}.Debug|Any CPU.Build.0 = Debug|Any CPU
		{5EEE9276-0064-2694-87FC-CA55D4F58877}.Release|Any CPU.ActiveCfg = Release|Any CPU
		{5EEE9276-0064-2694-87FC-CA55D4F58877}.Release|Any CPU.Build.0 = Release|Any CPU
		{5CD88E65-2F17-A8CF-39B6-F62636D0DDA3}.Debug|Any CPU.ActiveCfg = Debug|Any CPU
		{5CD88E65-2F17-A8CF-39B6-F62636D0DDA3}.Debug|Any CPU.Build.0 = Debug|Any CPU
		{5CD88E65-2F17-A8CF-39B6-F62636D0DDA3}.Release|Any CPU.ActiveCfg = Release|Any CPU
		{5CD88E65-2F17-A8CF-39B6-F62636D0DDA3}.Release|Any CPU.Build.0 = Release|Any CPU
		{ACDF63C4-8422-47B1-7790-C82AA5E5C451}.Debug|Any CPU.ActiveCfg = Debug|Any CPU
		{ACDF63C4-8422-47B1-7790-C82AA5E5C451}.Debug|Any CPU.Build.0 = Debug|Any CPU
		{ACDF63C4-8422-47B1-7790-C82AA5E5C451}.Release|Any CPU.ActiveCfg = Release|Any CPU
		{ACDF63C4-8422-47B1-7790-C82AA5E5C451}.Release|Any CPU.Build.0 = Release|Any CPU
		{8277D016-D440-5AFE-7AB3-A0908EAB7B4B}.Debug|Any CPU.ActiveCfg = Debug|Any CPU
		{8277D016-D440-5AFE-7AB3-A0908EAB7B4B}.Debug|Any CPU.Build.0 = Debug|Any CPU
		{8277D016-D440-5AFE-7AB3-A0908EAB7B4B}.Release|Any CPU.ActiveCfg = Release|Any CPU
		{8277D016-D440-5AFE-7AB3-A0908EAB7B4B}.Release|Any CPU.Build.0 = Release|Any CPU
		{A4630988-A97E-A992-E258-34801DD1DB1C}.Debug|Any CPU.ActiveCfg = Debug|Any CPU
		{A4630988-A97E-A992-E258-34801DD1DB1C}.Debug|Any CPU.Build.0 = Debug|Any CPU
		{A4630988-A97E-A992-E258-34801DD1DB1C}.Release|Any CPU.ActiveCfg = Release|Any CPU
		{A4630988-A97E-A992-E258-34801DD1DB1C}.Release|Any CPU.Build.0 = Release|Any CPU
		{DFCCAC8F-0F95-066A-4307-A3BED9003944}.Debug|Any CPU.ActiveCfg = Debug|Any CPU
		{DFCCAC8F-0F95-066A-4307-A3BED9003944}.Debug|Any CPU.Build.0 = Debug|Any CPU
		{DFCCAC8F-0F95-066A-4307-A3BED9003944}.Release|Any CPU.ActiveCfg = Release|Any CPU
		{DFCCAC8F-0F95-066A-4307-A3BED9003944}.Release|Any CPU.Build.0 = Release|Any CPU
		{EB03D336-89C7-6016-A4C6-6EA85E4EAF17}.Debug|Any CPU.ActiveCfg = Debug|Any CPU
		{EB03D336-89C7-6016-A4C6-6EA85E4EAF17}.Debug|Any CPU.Build.0 = Debug|Any CPU
		{EB03D336-89C7-6016-A4C6-6EA85E4EAF17}.Release|Any CPU.ActiveCfg = Release|Any CPU
		{EB03D336-89C7-6016-A4C6-6EA85E4EAF17}.Release|Any CPU.Build.0 = Release|Any CPU
		{F0E67681-010B-CC57-2216-DD5AE8ECDBBA}.Debug|Any CPU.ActiveCfg = Debug|Any CPU
		{F0E67681-010B-CC57-2216-DD5AE8ECDBBA}.Debug|Any CPU.Build.0 = Debug|Any CPU
		{F0E67681-010B-CC57-2216-DD5AE8ECDBBA}.Release|Any CPU.ActiveCfg = Release|Any CPU
		{F0E67681-010B-CC57-2216-DD5AE8ECDBBA}.Release|Any CPU.Build.0 = Release|Any CPU
		{2806FD6A-F11B-F14B-82AA-60D9C031C9D6}.Debug|Any CPU.ActiveCfg = Debug|Any CPU
		{2806FD6A-F11B-F14B-82AA-60D9C031C9D6}.Debug|Any CPU.Build.0 = Debug|Any CPU
		{2806FD6A-F11B-F14B-82AA-60D9C031C9D6}.Release|Any CPU.ActiveCfg = Release|Any CPU
		{2806FD6A-F11B-F14B-82AA-60D9C031C9D6}.Release|Any CPU.Build.0 = Release|Any CPU
		{86286D3E-893F-CE8A-CDB3-A28E7B0A783C}.Debug|Any CPU.ActiveCfg = Debug|Any CPU
		{86286D3E-893F-CE8A-CDB3-A28E7B0A783C}.Debug|Any CPU.Build.0 = Debug|Any CPU
		{86286D3E-893F-CE8A-CDB3-A28E7B0A783C}.Release|Any CPU.ActiveCfg = Release|Any CPU
		{86286D3E-893F-CE8A-CDB3-A28E7B0A783C}.Release|Any CPU.Build.0 = Release|Any CPU
	EndGlobalSection
	GlobalSection(SolutionProperties) = preSolution
		HideSolutionNode = FALSE
	EndGlobalSection
	GlobalSection(NestedProjects) = preSolution
		{BBB53517-63E0-5FD9-CDDD-494004261393} = {EF0725E4-3E48-C877-DE8A-D730D67D0672}
		{4C83C0A7-0852-97C9-A9BA-85F923750907} = {0D665604-C928-4F15-2E39-29EE6604C658}
		{5EEE9276-0064-2694-87FC-CA55D4F58877} = {0D665604-C928-4F15-2E39-29EE6604C658}
		{5CD88E65-2F17-A8CF-39B6-F62636D0DDA3} = {730ACB65-522D-1730-7B0F-D5D33FCD9B23}
		{C8908297-CC4E-4F65-83CD-C2228E4EA04D} = {45566560-036B-CAF0-3EE0-866EE501DE9F}
		{ACDF63C4-8422-47B1-7790-C82AA5E5C451} = {C8908297-CC4E-4F65-83CD-C2228E4EA04D}
		{8277D016-D440-5AFE-7AB3-A0908EAB7B4B} = {45566560-036B-CAF0-3EE0-866EE501DE9F}
		{A4630988-A97E-A992-E258-34801DD1DB1C} = {45566560-036B-CAF0-3EE0-866EE501DE9F}
		{DFCCAC8F-0F95-066A-4307-A3BED9003944} = {45566560-036B-CAF0-3EE0-866EE501DE9F}
		{EB03D336-89C7-6016-A4C6-6EA85E4EAF17} = {45566560-036B-CAF0-3EE0-866EE501DE9F}
		{F0E67681-010B-CC57-2216-DD5AE8ECDBBA} = {45566560-036B-CAF0-3EE0-866EE501DE9F}
		{2806FD6A-F11B-F14B-82AA-60D9C031C9D6} = {45566560-036B-CAF0-3EE0-866EE501DE9F}
		{86286D3E-893F-CE8A-CDB3-A28E7B0A783C} = {45566560-036B-CAF0-3EE0-866EE501DE9F}
	EndGlobalSection
	GlobalSection(ExtensibilityGlobals) = postSolution
		SolutionGuid = {17DE7006-E43F-457F-9DC1-2B9A61B892FA}
	EndGlobalSection
EndGlobal
